
Microsoft Visual Studio Solution File, Format Version 12.00
# Visual Studio Version 17
VisualStudioVersion = 17.14.36511.14
MinimumVisualStudioVersion = 10.0.40219.1
Project("{2150E333-8FDC-42A3-9474-1A3956D46DE8}") = "Task0", "Task0", "{02EA681E-C7D8-13C7-8484-4AC65E1B71E8}"
EndProject
Project("{FAE04EC0-301F-11D3-BF4B-00C04F79EFBC}") = "Tyuiu.SherenkovIR.Sprint2.Task0.V5", "Tyuiu.SherenkovIR.Sprint2.Task0.V5\Tyuiu.SherenkovIR.Sprint2.Task0.V5.csproj", "{9C0F7539-E14C-4FD3-94D2-A319DDA89873}"
EndProject
Project("{FAE04EC0-301F-11D3-BF4B-00C04F79EFBC}") = "Tyuiu.SherenkovIR.Sprint2.Task0.V5.Lib", "Tyuiu.SherenkovIR.Sprint2.Task0.V5.Lib\Tyuiu.SherenkovIR.Sprint2.Task0.V5.Lib.csproj", "{C13A6E0E-0EAE-4616-ACE6-A87B5693CF62}"
EndProject
Project("{FAE04EC0-301F-11D3-BF4B-00C04F79EFBC}") = "Tyuiu.SherenkovIR.Sprint2.Task0.V5.Test", "Tyuiu.SherenkovIR.Sprint2.Task0.V5.Test\Tyuiu.SherenkovIR.Sprint2.Task0.V5.Test.csproj", "{89C09C67-E71E-4A77-A066-1C326B4CA573}"
EndProject
Project("{2150E333-8FDC-42A3-9474-1A3956D46DE8}") = "Task1", "Task1", "{280B3348-395E-4664-8C74-C9F0E4E86623}"
EndProject
Project("{FAE04EC0-301F-11D3-BF4B-00C04F79EFBC}") = "Tyuiu.SherenkovIR.Sprint2.Task1.V3", "Tyuiu.SherenkovIR.Sprint2.Task1.V3\Tyuiu.SherenkovIR.Sprint2.Task1.V3.csproj", "{B00E0F5B-4797-44EB-86B1-F5591D0EF0B4}"
EndProject
Project("{FAE04EC0-301F-11D3-BF4B-00C04F79EFBC}") = "Tyuiu.SherenkovIR.Sprint2.Task1.V3.Lib", "Tyuiu.SherenkovIR.Sprint2.Task1.V3.Lib\Tyuiu.SherenkovIR.Sprint2.Task1.V3.Lib.csproj", "{DD55A6E2-4987-488E-BC3F-AECB1F78FCE5}"
EndProject
Project("{FAE04EC0-301F-11D3-BF4B-00C04F79EFBC}") = "Tyuiu.SherenkovIR.Sprint2.Task1.V3.Test", "Tyuiu.SherenkovIR.Sprint2.Task1.V3.Test\Tyuiu.SherenkovIR.Sprint2.Task1.V3.Test.csproj", "{2A7C5053-5A15-43DE-BC41-FDAA33CF899D}"
EndProject
Project("{2150E333-8FDC-42A3-9474-1A3956D46DE8}") = "Task2", "Task2", "{44338B8C-DD76-478F-8FE0-A35D8B95FBC6}"
EndProject
Project("{FAE04EC0-301F-11D3-BF4B-00C04F79EFBC}") = "Tyuiu.SherenkovIR.Sprint2.Task2.V15.Lib", "Tyuiu.SherenkoIR.Sprint2.Task2.V15.Lib\Tyuiu.SherenkovIR.Sprint2.Task2.V15.Lib.csproj", "{D25A525C-CF0B-46AE-88D1-6AEF4C1C4887}"
EndProject
Project("{FAE04EC0-301F-11D3-BF4B-00C04F79EFBC}") = "Tyuiu.SherenkovIR.Sprint2.Task2.V15", "Tyuiu.SherenkovIR.Sprint2.Task2.V15\Tyuiu.SherenkovIR.Sprint2.Task2.V15.csproj", "{8FBA5186-53D6-4538-82CF-CD046438F838}"
EndProject
Project("{FAE04EC0-301F-11D3-BF4B-00C04F79EFBC}") = "Tyuiu.SherenkovIR.Sprint2.Task2.V15.Test", "Tyuiu.SherenkovIR.Sprint2.Task2.V15.Test\Tyuiu.SherenkovIR.Sprint2.Task2.V15.Test.csproj", "{E29D6C0F-4439-4E4D-A6E6-76D08DFDCCC9}"
EndProject
Project("{2150E333-8FDC-42A3-9474-1A3956D46DE8}") = "Task3", "Task3", "{1CA1370A-B2A6-40AB-BB75-141F4E87FD2D}"
EndProject
Project("{FAE04EC0-301F-11D3-BF4B-00C04F79EFBC}") = "Tyuiu.SherenkovIR.Sprint2.Task3.V24", "Tyuiu.SherenkovIR.Sprint2.Task3.V24\Tyuiu.SherenkovIR.Sprint2.Task3.V24.csproj", "{F2A55661-7D1E-4321-852B-38782F0014BC}"
EndProject
Project("{FAE04EC0-301F-11D3-BF4B-00C04F79EFBC}") = "Tyuiu.SherenkovIR.Sprint2.Task3.V24.Lib", "Tyuiu.SherenkovIR.Sprint2.Task3.V24.Lib\Tyuiu.SherenkovIR.Sprint2.Task3.V24.Lib.csproj", "{43313812-381A-4C48-83E1-967139BD214B}"
EndProject
Project("{FAE04EC0-301F-11D3-BF4B-00C04F79EFBC}") = "Tyuiu.SherenkovIR.Sprint2.Task3.V24.Test", "Tyuiu.SherenkovIR.Sprint2.Task3.V24.Test\Tyuiu.SherenkovIR.Sprint2.Task3.V24.Test.csproj", "{2E300871-087C-4AD8-82F2-86EE19E73C49}"
EndProject
Project("{2150E333-8FDC-42A3-9474-1A3956D46DE8}") = "Task4", "Task4", "{F86B52D7-2011-408C-B514-BC54EADBBF0D}"
EndProject
Project("{FAE04EC0-301F-11D3-BF4B-00C04F79EFBC}") = "Tyuiu.SherenkovIR.Sprint2.Task4.V11", "Tyuiu.SherenkovIR.Sprint2.Task4.V11\Tyuiu.SherenkovIR.Sprint2.Task4.V11.csproj", "{23E5C5F0-AA57-4521-849B-D578F9F2990E}"
EndProject
Project("{FAE04EC0-301F-11D3-BF4B-00C04F79EFBC}") = "Tyuiu.SherenkovIR.Sprint2.Task4.V11.Lib", "Tyuiu.SherenkovIR.Sprint2.Task4.V11.Lib\Tyuiu.SherenkovIR.Sprint2.Task4.V11.Lib.csproj", "{2FE0F563-C43E-46A6-B55F-8D4C48798686}"
EndProject
Project("{FAE04EC0-301F-11D3-BF4B-00C04F79EFBC}") = "Tyuiu.SherenkovIR.Sprint2.Task4.V11.Test", "Tyuiu.SherenkovIR.Sprint2.Task4.V11.Test\Tyuiu.SherenkovIR.Sprint2.Task4.V11.Test.csproj", "{0747D3A5-0201-4A7E-977A-33038B63669D}"
EndProject
Project("{2150E333-8FDC-42A3-9474-1A3956D46DE8}") = "Task5", "Task5", "{EDD5A257-5F2F-40E3-81F4-496B62D2FBA4}"
EndProject
Project("{FAE04EC0-301F-11D3-BF4B-00C04F79EFBC}") = "Tyuiu.SherenkovIR.Sprint2.Task5.V15", "Tyuiu.SherenkovIR.Sprint2.Task5.V15\Tyuiu.SherenkovIR.Sprint2.Task5.V15.csproj", "{7614C35E-B068-45D8-B31B-DA2B1BBCB426}"
EndProject
Project("{FAE04EC0-301F-11D3-BF4B-00C04F79EFBC}") = "Tyuiu.SherenkovIR.Sprint2.Task5.V15.Lib", "Tyuiu.SherenkovIR.Sprint2.Task5.V15.Lib\Tyuiu.SherenkovIR.Sprint2.Task5.V15.Lib.csproj", "{CDAB0C2D-D765-4CAD-9EE2-211A8D00C177}"
EndProject
Project("{FAE04EC0-301F-11D3-BF4B-00C04F79EFBC}") = "Tyuiu.SherenkovIR.Sprint2.Task5.V15.Test", "Tyuiu.SherenkovIR.Sprint2.Task5.V15.Test\Tyuiu.SherenkovIR.Sprint2.Task5.V15.Test.csproj", "{8314D113-DA0E-460E-9F60-4D0B27ED713A}"
EndProject
Project("{2150E333-8FDC-42A3-9474-1A3956D46DE8}") = "Task6", "Task6", "{859CB000-773F-4C87-AAF9-121D165B6974}"
EndProject
Project("{FAE04EC0-301F-11D3-BF4B-00C04F79EFBC}") = "Tyuiu.SherenkovIR.Sprint2.Task6.V11", "Tyuiu.SherenkovIR.Sprint2.Task6.V11\Tyuiu.SherenkovIR.Sprint2.Task6.V11.csproj", "{BF5864BD-F7DC-49C5-8543-95B351D9FD0F}"
EndProject
Project("{FAE04EC0-301F-11D3-BF4B-00C04F79EFBC}") = "Tyuiu.SherenkovIR.Sprint2.Task6.V11.Lib", "Tyuiu.SherenkovIR.Sprint2.Task6.V11.Lib\Tyuiu.SherenkovIR.Sprint2.Task6.V11.Lib.csproj", "{EB2D9155-8B53-479E-BDD7-D3D0C271449E}"
EndProject
Project("{FAE04EC0-301F-11D3-BF4B-00C04F79EFBC}") = "Tyuiu.SherenkovIR.Sprint2.Task6.V11.Test", "Tyuiu.SherenkovIR.Sprint2.Task6.V11.Test\Tyuiu.SherenkovIR.Sprint2.Task6.V11.Test.csproj", "{9CF110B0-C97C-4B78-AE4C-85927949CE87}"
EndProject
Global
	GlobalSection(SolutionConfigurationPlatforms) = preSolution
		Debug|Any CPU = Debug|Any CPU
		Release|Any CPU = Release|Any CPU
	EndGlobalSection
	GlobalSection(ProjectConfigurationPlatforms) = postSolution
		{9C0F7539-E14C-4FD3-94D2-A319DDA89873}.Debug|Any CPU.ActiveCfg = Debug|Any CPU
		{9C0F7539-E14C-4FD3-94D2-A319DDA89873}.Debug|Any CPU.Build.0 = Debug|Any CPU
		{9C0F7539-E14C-4FD3-94D2-A319DDA89873}.Release|Any CPU.ActiveCfg = Release|Any CPU
		{9C0F7539-E14C-4FD3-94D2-A319DDA89873}.Release|Any CPU.Build.0 = Release|Any CPU
		{C13A6E0E-0EAE-4616-ACE6-A87B5693CF62}.Debug|Any CPU.ActiveCfg = Debug|Any CPU
		{C13A6E0E-0EAE-4616-ACE6-A87B5693CF62}.Debug|Any CPU.Build.0 = Debug|Any CPU
		{C13A6E0E-0EAE-4616-ACE6-A87B5693CF62}.Release|Any CPU.ActiveCfg = Release|Any CPU
		{C13A6E0E-0EAE-4616-ACE6-A87B5693CF62}.Release|Any CPU.Build.0 = Release|Any CPU
		{89C09C67-E71E-4A77-A066-1C326B4CA573}.Debug|Any CPU.ActiveCfg = Debug|Any CPU
		{89C09C67-E71E-4A77-A066-1C326B4CA573}.Debug|Any CPU.Build.0 = Debug|Any CPU
		{89C09C67-E71E-4A77-A066-1C326B4CA573}.Release|Any CPU.ActiveCfg = Release|Any CPU
		{89C09C67-E71E-4A77-A066-1C326B4CA573}.Release|Any CPU.Build.0 = Release|Any CPU
		{B00E0F5B-4797-44EB-86B1-F5591D0EF0B4}.Debug|Any CPU.ActiveCfg = Debug|Any CPU
		{B00E0F5B-4797-44EB-86B1-F5591D0EF0B4}.Debug|Any CPU.Build.0 = Debug|Any CPU
		{B00E0F5B-4797-44EB-86B1-F5591D0EF0B4}.Release|Any CPU.ActiveCfg = Release|Any CPU
		{B00E0F5B-4797-44EB-86B1-F5591D0EF0B4}.Release|Any CPU.Build.0 = Release|Any CPU
		{DD55A6E2-4987-488E-BC3F-AECB1F78FCE5}.Debug|Any CPU.ActiveCfg = Debug|Any CPU
		{DD55A6E2-4987-488E-BC3F-AECB1F78FCE5}.Debug|Any CPU.Build.0 = Debug|Any CPU
		{DD55A6E2-4987-488E-BC3F-AECB1F78FCE5}.Release|Any CPU.ActiveCfg = Release|Any CPU
		{DD55A6E2-4987-488E-BC3F-AECB1F78FCE5}.Release|Any CPU.Build.0 = Release|Any CPU
		{2A7C5053-5A15-43DE-BC41-FDAA33CF899D}.Debug|Any CPU.ActiveCfg = Debug|Any CPU
		{2A7C5053-5A15-43DE-BC41-FDAA33CF899D}.Debug|Any CPU.Build.0 = Debug|Any CPU
		{2A7C5053-5A15-43DE-BC41-FDAA33CF899D}.Release|Any CPU.ActiveCfg = Release|Any CPU
		{2A7C5053-5A15-43DE-BC41-FDAA33CF899D}.Release|Any CPU.Build.0 = Release|Any CPU
		{D25A525C-CF0B-46AE-88D1-6AEF4C1C4887}.Debug|Any CPU.ActiveCfg = Debug|Any CPU
		{D25A525C-CF0B-46AE-88D1-6AEF4C1C4887}.Debug|Any CPU.Build.0 = Debug|Any CPU
		{D25A525C-CF0B-46AE-88D1-6AEF4C1C4887}.Release|Any CPU.ActiveCfg = Release|Any CPU
		{D25A525C-CF0B-46AE-88D1-6AEF4C1C4887}.Release|Any CPU.Build.0 = Release|Any CPU
		{8FBA5186-53D6-4538-82CF-CD046438F838}.Debug|Any CPU.ActiveCfg = Debug|Any CPU
		{8FBA5186-53D6-4538-82CF-CD046438F838}.Debug|Any CPU.Build.0 = Debug|Any CPU
		{8FBA5186-53D6-4538-82CF-CD046438F838}.Release|Any CPU.ActiveCfg = Release|Any CPU
		{8FBA5186-53D6-4538-82CF-CD046438F838}.Release|Any CPU.Build.0 = Release|Any CPU
		{E29D6C0F-4439-4E4D-A6E6-76D08DFDCCC9}.Debug|Any CPU.ActiveCfg = Debug|Any CPU
		{E29D6C0F-4439-4E4D-A6E6-76D08DFDCCC9}.Debug|Any CPU.Build.0 = Debug|Any CPU
		{E29D6C0F-4439-4E4D-A6E6-76D08DFDCCC9}.Release|Any CPU.ActiveCfg = Release|Any CPU
		{E29D6C0F-4439-4E4D-A6E6-76D08DFDCCC9}.Release|Any CPU.Build.0 = Release|Any CPU
		{F2A55661-7D1E-4321-852B-38782F0014BC}.Debug|Any CPU.ActiveCfg = Debug|Any CPU
		{F2A55661-7D1E-4321-852B-38782F0014BC}.Debug|Any CPU.Build.0 = Debug|Any CPU
		{F2A55661-7D1E-4321-852B-38782F0014BC}.Release|Any CPU.ActiveCfg = Release|Any CPU
		{F2A55661-7D1E-4321-852B-38782F0014BC}.Release|Any CPU.Build.0 = Release|Any CPU
		{43313812-381A-4C48-83E1-967139BD214B}.Debug|Any CPU.ActiveCfg = Debug|Any CPU
		{43313812-381A-4C48-83E1-967139BD214B}.Debug|Any CPU.Build.0 = Debug|Any CPU
		{43313812-381A-4C48-83E1-967139BD214B}.Release|Any CPU.ActiveCfg = Release|Any CPU
		{43313812-381A-4C48-83E1-967139BD214B}.Release|Any CPU.Build.0 = Release|Any CPU
		{2E300871-087C-4AD8-82F2-86EE19E73C49}.Debug|Any CPU.ActiveCfg = Debug|Any CPU
		{2E300871-087C-4AD8-82F2-86EE19E73C49}.Debug|Any CPU.Build.0 = Debug|Any CPU
		{2E300871-087C-4AD8-82F2-86EE19E73C49}.Release|Any CPU.ActiveCfg = Release|Any CPU
		{2E300871-087C-4AD8-82F2-86EE19E73C49}.Release|Any CPU.Build.0 = Release|Any CPU
		{23E5C5F0-AA57-4521-849B-D578F9F2990E}.Debug|Any CPU.ActiveCfg = Debug|Any CPU
		{23E5C5F0-AA57-4521-849B-D578F9F2990E}.Debug|Any CPU.Build.0 = Debug|Any CPU
		{23E5C5F0-AA57-4521-849B-D578F9F2990E}.Release|Any CPU.ActiveCfg = Release|Any CPU
		{23E5C5F0-AA57-4521-849B-D578F9F2990E}.Release|Any CPU.Build.0 = Release|Any CPU
		{2FE0F563-C43E-46A6-B55F-8D4C48798686}.Debug|Any CPU.ActiveCfg = Debug|Any CPU
		{2FE0F563-C43E-46A6-B55F-8D4C48798686}.Debug|Any CPU.Build.0 = Debug|Any CPU
		{2FE0F563-C43E-46A6-B55F-8D4C48798686}.Release|Any CPU.ActiveCfg = Release|Any CPU
		{2FE0F563-C43E-46A6-B55F-8D4C48798686}.Release|Any CPU.Build.0 = Release|Any CPU
		{0747D3A5-0201-4A7E-977A-33038B63669D}.Debug|Any CPU.ActiveCfg = Debug|Any CPU
		{0747D3A5-0201-4A7E-977A-33038B63669D}.Debug|Any CPU.Build.0 = Debug|Any CPU
		{0747D3A5-0201-4A7E-977A-33038B63669D}.Release|Any CPU.ActiveCfg = Release|Any CPU
		{0747D3A5-0201-4A7E-977A-33038B63669D}.Release|Any CPU.Build.0 = Release|Any CPU
		{7614C35E-B068-45D8-B31B-DA2B1BBCB426}.Debug|Any CPU.ActiveCfg = Debug|Any CPU
		{7614C35E-B068-45D8-B31B-DA2B1BBCB426}.Debug|Any CPU.Build.0 = Debug|Any CPU
		{7614C35E-B068-45D8-B31B-DA2B1BBCB426}.Release|Any CPU.ActiveCfg = Release|Any CPU
		{7614C35E-B068-45D8-B31B-DA2B1BBCB426}.Release|Any CPU.Build.0 = Release|Any CPU
		{CDAB0C2D-D765-4CAD-9EE2-211A8D00C177}.Debug|Any CPU.ActiveCfg = Debug|Any CPU
		{CDAB0C2D-D765-4CAD-9EE2-211A8D00C177}.Debug|Any CPU.Build.0 = Debug|Any CPU
		{CDAB0C2D-D765-4CAD-9EE2-211A8D00C177}.Release|Any CPU.ActiveCfg = Release|Any CPU
		{CDAB0C2D-D765-4CAD-9EE2-211A8D00C177}.Release|Any CPU.Build.0 = Release|Any CPU
		{8314D113-DA0E-460E-9F60-4D0B27ED713A}.Debug|Any CPU.ActiveCfg = Debug|Any CPU
		{8314D113-DA0E-460E-9F60-4D0B27ED713A}.Debug|Any CPU.Build.0 = Debug|Any CPU
		{8314D113-DA0E-460E-9F60-4D0B27ED713A}.Release|Any CPU.ActiveCfg = Release|Any CPU
		{8314D113-DA0E-460E-9F60-4D0B27ED713A}.Release|Any CPU.Build.0 = Release|Any CPU
		{BF5864BD-F7DC-49C5-8543-95B351D9FD0F}.Debug|Any CPU.ActiveCfg = Debug|Any CPU
		{BF5864BD-F7DC-49C5-8543-95B351D9FD0F}.Debug|Any CPU.Build.0 = Debug|Any CPU
		{BF5864BD-F7DC-49C5-8543-95B351D9FD0F}.Release|Any CPU.ActiveCfg = Release|Any CPU
		{BF5864BD-F7DC-49C5-8543-95B351D9FD0F}.Release|Any CPU.Build.0 = Release|Any CPU
		{EB2D9155-8B53-479E-BDD7-D3D0C271449E}.Debug|Any CPU.ActiveCfg = Debug|Any CPU
		{EB2D9155-8B53-479E-BDD7-D3D0C271449E}.Debug|Any CPU.Build.0 = Debug|Any CPU
		{EB2D9155-8B53-479E-BDD7-D3D0C271449E}.Release|Any CPU.ActiveCfg = Release|Any CPU
		{EB2D9155-8B53-479E-BDD7-D3D0C271449E}.Release|Any CPU.Build.0 = Release|Any CPU
		{9CF110B0-C97C-4B78-AE4C-85927949CE87}.Debug|Any CPU.ActiveCfg = Debug|Any CPU
		{9CF110B0-C97C-4B78-AE4C-85927949CE87}.Debug|Any CPU.Build.0 = Debug|Any CPU
		{9CF110B0-C97C-4B78-AE4C-85927949CE87}.Release|Any CPU.ActiveCfg = Release|Any CPU
		{9CF110B0-C97C-4B78-AE4C-85927949CE87}.Release|Any CPU.Build.0 = Release|Any CPU
	EndGlobalSection
	GlobalSection(SolutionProperties) = preSolution
		HideSolutionNode = FALSE
	EndGlobalSection
	GlobalSection(NestedProjects) = preSolution
		{9C0F7539-E14C-4FD3-94D2-A319DDA89873} = {02EA681E-C7D8-13C7-8484-4AC65E1B71E8}
		{C13A6E0E-0EAE-4616-ACE6-A87B5693CF62} = {02EA681E-C7D8-13C7-8484-4AC65E1B71E8}
		{89C09C67-E71E-4A77-A066-1C326B4CA573} = {02EA681E-C7D8-13C7-8484-4AC65E1B71E8}
		{B00E0F5B-4797-44EB-86B1-F5591D0EF0B4} = {280B3348-395E-4664-8C74-C9F0E4E86623}
		{DD55A6E2-4987-488E-BC3F-AECB1F78FCE5} = {280B3348-395E-4664-8C74-C9F0E4E86623}
		{2A7C5053-5A15-43DE-BC41-FDAA33CF899D} = {280B3348-395E-4664-8C74-C9F0E4E86623}
		{D25A525C-CF0B-46AE-88D1-6AEF4C1C4887} = {44338B8C-DD76-478F-8FE0-A35D8B95FBC6}
		{8FBA5186-53D6-4538-82CF-CD046438F838} = {44338B8C-DD76-478F-8FE0-A35D8B95FBC6}
		{E29D6C0F-4439-4E4D-A6E6-76D08DFDCCC9} = {44338B8C-DD76-478F-8FE0-A35D8B95FBC6}
		{F2A55661-7D1E-4321-852B-38782F0014BC} = {1CA1370A-B2A6-40AB-BB75-141F4E87FD2D}
		{43313812-381A-4C48-83E1-967139BD214B} = {1CA1370A-B2A6-40AB-BB75-141F4E87FD2D}
		{2E300871-087C-4AD8-82F2-86EE19E73C49} = {1CA1370A-B2A6-40AB-BB75-141F4E87FD2D}
		{23E5C5F0-AA57-4521-849B-D578F9F2990E} = {F86B52D7-2011-408C-B514-BC54EADBBF0D}
		{2FE0F563-C43E-46A6-B55F-8D4C48798686} = {F86B52D7-2011-408C-B514-BC54EADBBF0D}
		{0747D3A5-0201-4A7E-977A-33038B63669D} = {F86B52D7-2011-408C-B514-BC54EADBBF0D}
		{7614C35E-B068-45D8-B31B-DA2B1BBCB426} = {EDD5A257-5F2F-40E3-81F4-496B62D2FBA4}
		{CDAB0C2D-D765-4CAD-9EE2-211A8D00C177} = {EDD5A257-5F2F-40E3-81F4-496B62D2FBA4}
		{8314D113-DA0E-460E-9F60-4D0B27ED713A} = {EDD5A257-5F2F-40E3-81F4-496B62D2FBA4}
		{BF5864BD-F7DC-49C5-8543-95B351D9FD0F} = {859CB000-773F-4C87-AAF9-121D165B6974}
		{EB2D9155-8B53-479E-BDD7-D3D0C271449E} = {859CB000-773F-4C87-AAF9-121D165B6974}
		{9CF110B0-C97C-4B78-AE4C-85927949CE87} = {859CB000-773F-4C87-AAF9-121D165B6974}
	EndGlobalSection
	GlobalSection(ExtensibilityGlobals) = postSolution
		SolutionGuid = {DB451E04-C9C2-4DC9-8D71-F2C8CFB4FA2C}
	EndGlobalSection
EndGlobal
